// !$*UTF8*$!
{
	archiveVersion = 1;
	classes = {
	};
	objectVersion = 46;
	objects = {

/* Begin PBXBuildFile section */
		48330D553CA29AC409DA3D42 /* Pods_ParseChat.framework in Frameworks */ = {isa = PBXBuildFile; fileRef = 1A764A908E4CC503B14BD80B /* Pods_ParseChat.framework */; };
		BEA90B901E9F0FE300925ACE /* AppDelegate.swift in Sources */ = {isa = PBXBuildFile; fileRef = BEA90B8F1E9F0FE300925ACE /* AppDelegate.swift */; };
		BEA90B951E9F0FE300925ACE /* Main.storyboard in Resources */ = {isa = PBXBuildFile; fileRef = BEA90B931E9F0FE300925ACE /* Main.storyboard */; };
		BEA90B971E9F0FE300925ACE /* Assets.xcassets in Resources */ = {isa = PBXBuildFile; fileRef = BEA90B961E9F0FE300925ACE /* Assets.xcassets */; };
		BEA90B9A1E9F0FE300925ACE /* LaunchScreen.storyboard in Resources */ = {isa = PBXBuildFile; fileRef = BEA90B981E9F0FE300925ACE /* LaunchScreen.storyboard */; };
		BEA90BA21E9F174900925ACE /* LoginViewController.swift in Sources */ = {isa = PBXBuildFile; fileRef = BEA90BA11E9F174900925ACE /* LoginViewController.swift */; };
		BEA90BA41E9F281C00925ACE /* ChatCell.swift in Sources */ = {isa = PBXBuildFile; fileRef = BEA90BA31E9F281C00925ACE /* ChatCell.swift */; };
		C6603A331E9F2293003F2795 /* ChatViewController.swift in Sources */ = {isa = PBXBuildFile; fileRef = C6603A321E9F2293003F2795 /* ChatViewController.swift */; };
/* End PBXBuildFile section */

/* Begin PBXFileReference section */
		1A764A908E4CC503B14BD80B /* Pods_ParseChat.framework */ = {isa = PBXFileReference; explicitFileType = wrapper.framework; includeInIndex = 0; path = Pods_ParseChat.framework; sourceTree = BUILT_PRODUCTS_DIR; };
		BEA90B8C1E9F0FE300925ACE /* ParseChat.app */ = {isa = PBXFileReference; explicitFileType = wrapper.application; includeInIndex = 0; path = ParseChat.app; sourceTree = BUILT_PRODUCTS_DIR; };
		BEA90B8F1E9F0FE300925ACE /* AppDelegate.swift */ = {isa = PBXFileReference; lastKnownFileType = sourcecode.swift; path = AppDelegate.swift; sourceTree = "<group>"; };
		BEA90B941E9F0FE300925ACE /* Base */ = {isa = PBXFileReference; lastKnownFileType = file.storyboard; name = Base; path = Base.lproj/Main.storyboard; sourceTree = "<group>"; };
		BEA90B961E9F0FE300925ACE /* Assets.xcassets */ = {isa = PBXFileReference; lastKnownFileType = folder.assetcatalog; path = Assets.xcassets; sourceTree = "<group>"; };
		BEA90B991E9F0FE300925ACE /* Base */ = {isa = PBXFileReference; lastKnownFileType = file.storyboard; name = Base; path = Base.lproj/LaunchScreen.storyboard; sourceTree = "<group>"; };
		BEA90B9B1E9F0FE300925ACE /* Info.plist */ = {isa = PBXFileReference; lastKnownFileType = text.plist.xml; path = Info.plist; sourceTree = "<group>"; };
		BEA90BA11E9F174900925ACE /* LoginViewController.swift */ = {isa = PBXFileReference; fileEncoding = 4; lastKnownFileType = sourcecode.swift; path = LoginViewController.swift; sourceTree = "<group>"; };
		BEA90BA31E9F281C00925ACE /* ChatCell.swift */ = {isa = PBXFileReference; fileEncoding = 4; lastKnownFileType = sourcecode.swift; path = ChatCell.swift; sourceTree = "<group>"; };
		C6603A321E9F2293003F2795 /* ChatViewController.swift */ = {isa = PBXFileReference; fileEncoding = 4; lastKnownFileType = sourcecode.swift; path = ChatViewController.swift; sourceTree = "<group>"; };
		CCB0EF13429806614BCA9CE2 /* Pods-ParseChat.release.xcconfig */ = {isa = PBXFileReference; includeInIndex = 1; lastKnownFileType = text.xcconfig; name = "Pods-ParseChat.release.xcconfig"; path = "Pods/Target Support Files/Pods-ParseChat/Pods-ParseChat.release.xcconfig"; sourceTree = "<group>"; };
		E03AF9416E908A0A1AF1A529 /* Pods-ParseChat.debug.xcconfig */ = {isa = PBXFileReference; includeInIndex = 1; lastKnownFileType = text.xcconfig; name = "Pods-ParseChat.debug.xcconfig"; path = "Pods/Target Support Files/Pods-ParseChat/Pods-ParseChat.debug.xcconfig"; sourceTree = "<group>"; };
/* End PBXFileReference section */

/* Begin PBXFrameworksBuildPhase section */
		BEA90B891E9F0FE300925ACE /* Frameworks */ = {
			isa = PBXFrameworksBuildPhase;
			buildActionMask = 2147483647;
			files = (
				48330D553CA29AC409DA3D42 /* Pods_ParseChat.framework in Frameworks */,
			);
			runOnlyForDeploymentPostprocessing = 0;
		};
/* End PBXFrameworksBuildPhase section */

/* Begin PBXGroup section */
		0485AA14D73AEE8DA88D62AE /* Pods */ = {
			isa = PBXGroup;
			children = (
				E03AF9416E908A0A1AF1A529 /* Pods-ParseChat.debug.xcconfig */,
				CCB0EF13429806614BCA9CE2 /* Pods-ParseChat.release.xcconfig */,
			);
			name = Pods;
			sourceTree = "<group>";
		};
		BEA90B831E9F0FE300925ACE = {
			isa = PBXGroup;
			children = (
				BEA90B8E1E9F0FE300925ACE /* ParseChat */,
				BEA90B8D1E9F0FE300925ACE /* Products */,
				0485AA14D73AEE8DA88D62AE /* Pods */,
				C927674EE00E045E133BCD59 /* Frameworks */,
			);
			sourceTree = "<group>";
		};
		BEA90B8D1E9F0FE300925ACE /* Products */ = {
			isa = PBXGroup;
			children = (
				BEA90B8C1E9F0FE300925ACE /* ParseChat.app */,
			);
			name = Products;
			sourceTree = "<group>";
		};
		BEA90B8E1E9F0FE300925ACE /* ParseChat */ = {
			isa = PBXGroup;
			children = (
				BEA90B8F1E9F0FE300925ACE /* AppDelegate.swift */,
				BEA90BA11E9F174900925ACE /* LoginViewController.swift */,
				C6603A321E9F2293003F2795 /* ChatViewController.swift */,
				BEA90B931E9F0FE300925ACE /* Main.storyboard */,
				BEA90B961E9F0FE300925ACE /* Assets.xcassets */,
				BEA90B981E9F0FE300925ACE /* LaunchScreen.storyboard */,
				BEA90B9B1E9F0FE300925ACE /* Info.plist */,
				BEA90BA31E9F281C00925ACE /* ChatCell.swift */,
			);
			path = ParseChat;
			sourceTree = "<group>";
		};
		C927674EE00E045E133BCD59 /* Frameworks */ = {
			isa = PBXGroup;
			children = (
				1A764A908E4CC503B14BD80B /* Pods_ParseChat.framework */,
			);
			name = Frameworks;
			sourceTree = "<group>";
		};
/* End PBXGroup section */

/* Begin PBXNativeTarget section */
		BEA90B8B1E9F0FE300925ACE /* ParseChat */ = {
			isa = PBXNativeTarget;
			buildConfigurationList = BEA90B9E1E9F0FE300925ACE /* Build configuration list for PBXNativeTarget "ParseChat" */;
			buildPhases = (
				B00DE75D688C7998F242A178 /* [CP] Check Pods Manifest.lock */,
				BEA90B881E9F0FE300925ACE /* Sources */,
				BEA90B891E9F0FE300925ACE /* Frameworks */,
				BEA90B8A1E9F0FE300925ACE /* Resources */,
				A3D0FB40F7EAF1C0CD895A2D /* [CP] Embed Pods Frameworks */,
				2396A69EFEABECCC49344B99 /* [CP] Copy Pods Resources */,
			);
			buildRules = (
			);
			dependencies = (
			);
			name = ParseChat;
			productName = ParseChat;
			productReference = BEA90B8C1E9F0FE300925ACE /* ParseChat.app */;
			productType = "com.apple.product-type.application";
		};
/* End PBXNativeTarget section */

/* Begin PBXProject section */
		BEA90B841E9F0FE300925ACE /* Project object */ = {
			isa = PBXProject;
			attributes = {
				LastSwiftUpdateCheck = 0820;
				LastUpgradeCheck = 0820;
				ORGANIZATIONNAME = "Will Gilman";
				TargetAttributes = {
					BEA90B8B1E9F0FE300925ACE = {
						CreatedOnToolsVersion = 8.2.1;
						ProvisioningStyle = Automatic;
					};
				};
			};
			buildConfigurationList = BEA90B871E9F0FE300925ACE /* Build configuration list for PBXProject "ParseChat" */;
			compatibilityVersion = "Xcode 3.2";
			developmentRegion = English;
			hasScannedForEncodings = 0;
			knownRegions = (
				en,
				Base,
			);
			mainGroup = BEA90B831E9F0FE300925ACE;
			productRefGroup = BEA90B8D1E9F0FE300925ACE /* Products */;
			projectDirPath = "";
			projectRoot = "";
			targets = (
				BEA90B8B1E9F0FE300925ACE /* ParseChat */,
			);
		};
/* End PBXProject section */

/* Begin PBXResourcesBuildPhase section */
		BEA90B8A1E9F0FE300925ACE /* Resources */ = {
			isa = PBXResourcesBuildPhase;
			buildActionMask = 2147483647;
			files = (
				BEA90B9A1E9F0FE300925ACE /* LaunchScreen.storyboard in Resources */,
				BEA90B971E9F0FE300925ACE /* Assets.xcassets in Resources */,
				BEA90B951E9F0FE300925ACE /* Main.storyboard in Resources */,
			);
			runOnlyForDeploymentPostprocessing = 0;
		};
/* End PBXResourcesBuildPhase section */

/* Begin PBXShellScriptBuildPhase section */
		2396A69EFEABECCC49344B99 /* [CP] Copy Pods Resources */ = {
			isa = PBXShellScriptBuildPhase;
			buildActionMask = 2147483647;
			files = (
			);
			inputPaths = (
			);
			name = "[CP] Copy Pods Resources";
			outputPaths = (
			);
			runOnlyForDeploymentPostprocessing = 0;
			shellPath = /bin/sh;
			shellScript = "\"${SRCROOT}/Pods/Target Support Files/Pods-ParseChat/Pods-ParseChat-resources.sh\"\n";
			showEnvVarsInLog = 0;
		};
		A3D0FB40F7EAF1C0CD895A2D /* [CP] Embed Pods Frameworks */ = {
			isa = PBXShellScriptBuildPhase;
			buildActionMask = 2147483647;
			files = (
			);
			inputPaths = (
			);
			name = "[CP] Embed Pods Frameworks";
			outputPaths = (
			);
			runOnlyForDeploymentPostprocessing = 0;
			shellPath = /bin/sh;
			shellScript = "\"${SRCROOT}/Pods/Target Support Files/Pods-ParseChat/Pods-ParseChat-frameworks.sh\"\n";
			showEnvVarsInLog = 0;
		};
		B00DE75D688C7998F242A178 /* [CP] Check Pods Manifest.lock */ = {
			isa = PBXShellScriptBuildPhase;
			buildActionMask = 2147483647;
			files = (
			);
			inputPaths = (
			);
			name = "[CP] Check Pods Manifest.lock";
			outputPaths = (
			);
			runOnlyForDeploymentPostprocessing = 0;
			shellPath = /bin/sh;
			shellScript = "diff \"${PODS_ROOT}/../Podfile.lock\" \"${PODS_ROOT}/Manifest.lock\" > /dev/null\nif [ $? != 0 ] ; then\n    # print error to STDERR\n    echo \"error: The sandbox is not in sync with the Podfile.lock. Run 'pod install' or update your CocoaPods installation.\" >&2\n    exit 1\nfi\n";
			showEnvVarsInLog = 0;
		};
/* End PBXShellScriptBuildPhase section */

/* Begin PBXSourcesBuildPhase section */
		BEA90B881E9F0FE300925ACE /* Sources */ = {
			isa = PBXSourcesBuildPhase;
			buildActionMask = 2147483647;
			files = (
				BEA90BA21E9F174900925ACE /* LoginViewController.swift in Sources */,
				BEA90BA41E9F281C00925ACE /* ChatCell.swift in Sources */,
				C6603A331E9F2293003F2795 /* ChatViewController.swift in Sources */,
				BEA90B901E9F0FE300925ACE /* AppDelegate.swift in Sources */,
			);
			runOnlyForDeploymentPostprocessing = 0;
		};
/* End PBXSourcesBuildPhase section */

/* Begin PBXVariantGroup section */
		BEA90B931E9F0FE300925ACE /* Main.storyboard */ = {
			isa = PBXVariantGroup;
			children = (
				BEA90B941E9F0FE300925ACE /* Base */,
			);
			name = Main.storyboard;
			sourceTree = "<group>";
		};
		BEA90B981E9F0FE300925ACE /* LaunchScreen.storyboard */ = {
			isa = PBXVariantGroup;
			children = (
				BEA90B991E9F0FE300925ACE /* Base */,
			);
			name = LaunchScreen.storyboard;
			sourceTree = "<group>";
		};
/* End PBXVariantGroup section */

/* Begin XCBuildConfiguration section */
		BEA90B9C1E9F0FE300925ACE /* Debug */ = {
			isa = XCBuildConfiguration;
			buildSettings = {
				ALWAYS_SEARCH_USER_PATHS = NO;
				CLANG_ANALYZER_NONNULL = YES;
				CLANG_CXX_LANGUAGE_STANDARD = "gnu++0x";
				CLANG_CXX_LIBRARY = "libc++";
				CLANG_ENABLE_MODULES = YES;
				CLANG_ENABLE_OBJC_ARC = YES;
				CLANG_WARN_BOOL_CONVERSION = YES;
				CLANG_WARN_CONSTANT_CONVERSION = YES;
				CLANG_WARN_DIRECT_OBJC_ISA_USAGE = YES_ERROR;
				CLANG_WARN_DOCUMENTATION_COMMENTS = YES;
				CLANG_WARN_EMPTY_BODY = YES;
				CLANG_WARN_ENUM_CONVERSION = YES;
				CLANG_WARN_INFINITE_RECURSION = YES;
				CLANG_WARN_INT_CONVERSION = YES;
				CLANG_WARN_OBJC_ROOT_CLASS = YES_ERROR;
				CLANG_WARN_SUSPICIOUS_MOVE = YES;
				CLANG_WARN_UNREACHABLE_CODE = YES;
				CLANG_WARN__DUPLICATE_METHOD_MATCH = YES;
				"CODE_SIGN_IDENTITY[sdk=iphoneos*]" = "iPhone Developer";
				COPY_PHASE_STRIP = NO;
				DEBUG_INFORMATION_FORMAT = dwarf;
				ENABLE_STRICT_OBJC_MSGSEND = YES;
				ENABLE_TESTABILITY = YES;
				GCC_C_LANGUAGE_STANDARD = gnu99;
				GCC_DYNAMIC_NO_PIC = NO;
				GCC_NO_COMMON_BLOCKS = YES;
				GCC_OPTIMIZATION_LEVEL = 0;
				GCC_PREPROCESSOR_DEFINITIONS = (
					"DEBUG=1",
					"$(inherited)",
				);
				GCC_WARN_64_TO_32_BIT_CONVERSION = YES;
				GCC_WARN_ABOUT_RETURN_TYPE = YES_ERROR;
				GCC_WARN_UNDECLARED_SELECTOR = YES;
				GCC_WARN_UNINITIALIZED_AUTOS = YES_AGGRESSIVE;
				GCC_WARN_UNUSED_FUNCTION = YES;
				GCC_WARN_UNUSED_VARIABLE = YES;
				IPHONEOS_DEPLOYMENT_TARGET = 10.2;
				MTL_ENABLE_DEBUG_INFO = YES;
				ONLY_ACTIVE_ARCH = YES;
				SDKROOT = iphoneos;
				SWIFT_ACTIVE_COMPILATION_CONDITIONS = DEBUG;
				SWIFT_OPTIMIZATION_LEVEL = "-Onone";
			};
			name = Debug;
		};
		BEA90B9D1E9F0FE300925ACE /* Release */ = {
			isa = XCBuildConfiguration;
			buildSettings = {
				ALWAYS_SEARCH_USER_PATHS = NO;
				CLANG_ANALYZER_NONNULL = YES;
				CLANG_CXX_LANGUAGE_STANDARD = "gnu++0x";
				CLANG_CXX_LIBRARY = "libc++";
				CLANG_ENABLE_MODULES = YES;
				CLANG_ENABLE_OBJC_ARC = YES;
				CLANG_WARN_BOOL_CONVERSION = YES;
				CLANG_WARN_CONSTANT_CONVERSION = YES;
				CLANG_WARN_DIRECT_OBJC_ISA_USAGE = YES_ERROR;
				CLANG_WARN_DOCUMENTATION_COMMENTS = YES;
				CLANG_WARN_EMPTY_BODY = YES;
				CLANG_WARN_ENUM_CONVERSION = YES;
				CLANG_WARN_INFINITE_RECURSION = YES;
				CLANG_WARN_INT_CONVERSION = YES;
				CLANG_WARN_OBJC_ROOT_CLASS = YES_ERROR;
				CLANG_WARN_SUSPICIOUS_MOVE = YES;
				CLANG_WARN_UNREACHABLE_CODE = YES;
				CLANG_WARN__DUPLICATE_METHOD_MATCH = YES;
				"CODE_SIGN_IDENTITY[sdk=iphoneos*]" = "iPhone Developer";
				COPY_PHASE_STRIP = NO;
				DEBUG_INFORMATION_FORMAT = "dwarf-with-dsym";
				ENABLE_NS_ASSERTIONS = NO;
				ENABLE_STRICT_OBJC_MSGSEND = YES;
				GCC_C_LANGUAGE_STANDARD = gnu99;
				GCC_NO_COMMON_BLOCKS = YES;
				GCC_WARN_64_TO_32_BIT_CONVERSION = YES;
				GCC_WARN_ABOUT_RETURN_TYPE = YES_ERROR;
				GCC_WARN_UNDECLARED_SELECTOR = YES;
				GCC_WARN_UNINITIALIZED_AUTOS = YES_AGGRESSIVE;
				GCC_WARN_UNUSED_FUNCTION = YES;
				GCC_WARN_UNUSED_VARIABLE = YES;
				IPHONEOS_DEPLOYMENT_TARGET = 10.2;
				MTL_ENABLE_DEBUG_INFO = NO;
				SDKROOT = iphoneos;
				SWIFT_OPTIMIZATION_LEVEL = "-Owholemodule";
				VALIDATE_PRODUCT = YES;
			};
			name = Release;
		};
		BEA90B9F1E9F0FE300925ACE /* Debug */ = {
			isa = XCBuildConfiguration;
			baseConfigurationReference = E03AF9416E908A0A1AF1A529 /* Pods-ParseChat.debug.xcconfig */;
			buildSettings = {
				ASSETCATALOG_COMPILER_APPICON_NAME = AppIcon;
				INFOPLIST_FILE = ParseChat/Info.plist;
				LD_RUNPATH_SEARCH_PATHS = "$(inherited) @executable_path/Frameworks";
				PRODUCT_BUNDLE_IDENTIFIER = CodePath.ParseChat;
				PRODUCT_NAME = "$(TARGET_NAME)";
				SWIFT_VERSION = 3.0;
			};
			name = Debug;
		};
		BEA90BA01E9F0FE300925ACE /* Release */ = {
			isa = XCBuildConfiguration;
			baseConfigurationReference = CCB0EF13429806614BCA9CE2 /* Pods-ParseChat.release.xcconfig */;
			buildSettings = {
				ASSETCATALOG_COMPILER_APPICON_NAME = AppIcon;
				INFOPLIST_FILE = ParseChat/Info.plist;
				LD_RUNPATH_SEARCH_PATHS = "$(inherited) @executable_path/Frameworks";
				PRODUCT_BUNDLE_IDENTIFIER = CodePath.ParseChat;
				PRODUCT_NAME = "$(TARGET_NAME)";
				SWIFT_VERSION = 3.0;
			};
			name = Release;
		};
/* End XCBuildConfiguration section */

/* Begin XCConfigurationList section */
		BEA90B871E9F0FE300925ACE /* Build configuration list for PBXProject "ParseChat" */ = {
			isa = XCConfigurationList;
			buildConfigurations = (
				BEA90B9C1E9F0FE300925ACE /* Debug */,
				BEA90B9D1E9F0FE300925ACE /* Release */,
			);
			defaultConfigurationIsVisible = 0;
			defaultConfigurationName = Release;
		};
		BEA90B9E1E9F0FE300925ACE /* Build configuration list for PBXNativeTarget "ParseChat" */ = {
			isa = XCConfigurationList;
			buildConfigurations = (
				BEA90B9F1E9F0FE300925ACE /* Debug */,
				BEA90BA01E9F0FE300925ACE /* Release */,
			);
			defaultConfigurationIsVisible = 0;
			defaultConfigurationName = Release;
		};
/* End XCConfigurationList section */
	};
	rootObject = BEA90B841E9F0FE300925ACE /* Project object */;
}
